
Microsoft Visual Studio Solution File, Format Version 12.00
# Visual Studio Version 17
VisualStudioVersion = 17.13.35919.96 d17.13
MinimumVisualStudioVersion = 10.0.40219.1
Project("{FAE04EC0-301F-11D3-BF4B-00C04F79EFBC}") = "Sistema", "Sistema\Sistema.csproj", "{329866FE-FA30-45D5-AFFA-761E80E780D2}"
EndProject
Global
	GlobalSection(SolutionConfigurationPlatforms) = preSolution
		Debug|Any CPU = Debug|Any CPU
		Release|Any CPU = Release|Any CPU
	EndGlobalSection
	GlobalSection(ProjectConfigurationPlatforms) = postSolution
		{329866FE-FA30-45D5-AFFA-761E80E780D2}.Debug|Any CPU.ActiveCfg = Debug|Any CPU
		{329866FE-FA30-45D5-AFFA-761E80E780D2}.Debug|Any CPU.Build.0 = Debug|Any CPU
		{329866FE-FA30-45D5-AFFA-761E80E780D2}.Release|Any CPU.ActiveCfg = Release|Any CPU
		{329866FE-FA30-45D5-AFFA-761E80E780D2}.Release|Any CPU.Build.0 = Release|Any CPU
	EndGlobalSection
	GlobalSection(SolutionProperties) = preSolution
		HideSolutionNode = FALSE
	EndGlobalSection
	GlobalSection(ExtensibilityGlobals) = postSolution
		SolutionGuid = {B0FD32BE-58F5-4334-A86E-FC94F9252A8B}
	EndGlobalSection
EndGlobal
